
Microsoft Visual Studio Solution File, Format Version 12.00
# Visual Studio Version 17
VisualStudioVersion = 17.1.32421.90
MinimumVisualStudioVersion = 10.0.40219.1
Project("{2150E333-8FDC-42A3-9474-1A3956D46DE8}") = "Task9Test", "Task9Test", "{BECA6736-A658-4F32-9FA8-FEAF6DB6477D}"
EndProject
Project("{FAE04EC0-301F-11D3-BF4B-00C04F79EFBC}") = "Task9", "Task9\Task9.csproj", "{D7795E52-FB7E-4B08-9EAA-868FAA29FA93}"
EndProject
Global
	GlobalSection(SolutionConfigurationPlatforms) = preSolution
		Debug|Any CPU = Debug|Any CPU
		Release|Any CPU = Release|Any CPU
	EndGlobalSection
	GlobalSection(ProjectConfigurationPlatforms) = postSolution
		{D7795E52-FB7E-4B08-9EAA-868FAA29FA93}.Debug|Any CPU.ActiveCfg = Debug|Any CPU
		{D7795E52-FB7E-4B08-9EAA-868FAA29FA93}.Debug|Any CPU.Build.0 = Debug|Any CPU
		{D7795E52-FB7E-4B08-9EAA-868FAA29FA93}.Release|Any CPU.ActiveCfg = Release|Any CPU
		{D7795E52-FB7E-4B08-9EAA-868FAA29FA93}.Release|Any CPU.Build.0 = Release|Any CPU
	EndGlobalSection
	GlobalSection(SolutionProperties) = preSolution
		HideSolutionNode = FALSE
	EndGlobalSection
	GlobalSection(NestedProjects) = preSolution
		{D7795E52-FB7E-4B08-9EAA-868FAA29FA93} = {BECA6736-A658-4F32-9FA8-FEAF6DB6477D}
	EndGlobalSection
	GlobalSection(ExtensibilityGlobals) = postSolution
		SolutionGuid = {BE8528D1-BC5D-44F6-BE1C-9D931D6B89E0}
	EndGlobalSection
EndGlobal
